
Microsoft Visual Studio Solution File, Format Version 12.00
# Visual Studio Version 17
VisualStudioVersion = 17.11.35327.3
MinimumVisualStudioVersion = 10.0.40219.1
Project("{FAE04EC0-301F-11D3-BF4B-00C04F79EFBC}") = "AuthSystem", "AuthSystem.csproj", "{9DF28D84-6BB1-4C3D-ACF9-63187F773334}"
EndProject
Global
	GlobalSection(SolutionConfigurationPlatforms) = preSolution
		Debug|Any CPU = Debug|Any CPU
		Release|Any CPU = Release|Any CPU
	EndGlobalSection
	GlobalSection(ProjectConfigurationPlatforms) = postSolution
		{9DF28D84-6BB1-4C3D-ACF9-63187F773334}.Debug|Any CPU.ActiveCfg = Debug|Any CPU
		{9DF28D84-6BB1-4C3D-ACF9-63187F773334}.Debug|Any CPU.Build.0 = Debug|Any CPU
		{9DF28D84-6BB1-4C3D-ACF9-63187F773334}.Release|Any CPU.ActiveCfg = Release|Any CPU
		{9DF28D84-6BB1-4C3D-ACF9-63187F773334}.Release|Any CPU.Build.0 = Release|Any CPU
	EndGlobalSection
	GlobalSection(SolutionProperties) = preSolution
		HideSolutionNode = FALSE
	EndGlobalSection
	GlobalSection(ExtensibilityGlobals) = postSolution
		SolutionGuid = {BD1343C1-43A8-4C3A-9CA5-D4E228113BFA}
	EndGlobalSection
EndGlobal
